<?xml version="1.0" encoding="UTF-8" standalone="yes" ?>
<CodeBlocks_project_file>
	<FileVersion major="1" minor="6" />
	<Project>
		<Option title="SparseMatrix" />
		<Option pch_mode="2" />
		<Option compiler="gcc" />
		<Build>
			<Target title="Debug">
				<Option output="bin/Debug/SparseMatrix" prefix_auto="1" extension_auto="1" />
				<Option object_output="obj/Debug/" />
				<Option type="1" />
				<Option compiler="gcc" />
				<Compiler>
					<Add option="-g" />
				</Compiler>
			</Target>
			<Target title="Release">
				<Option output="bin/Release/SparseMatrix" prefix_auto="1" extension_auto="1" />
				<Option object_output="obj/Release/" />
				<Option type="1" />
				<Option compiler="gcc" />
				<Compiler>
					<Add option="-O2" />
				</Compiler>
				<Linker>
					<Add option="-s" />
				</Linker>
			</Target>
		</Build>
		<Compiler>
			<Add option="-Wall" />
			<Add option="-fexceptions" />
		</Compiler>
		<Unit filename="AvlTree.cpp">
			<Option target="Release" />
		</Unit>
		<Unit filename="AvlTree.hpp" />
		<Unit filename="Column.cpp">
			<Option target="Release" />
		</Unit>
		<Unit filename="Column.hpp" />
		<Unit filename="Line.cpp">
			<Option target="Release" />
		</Unit>
		<Unit filename="Line.hpp" />
		<Unit filename="Node.cpp">
			<Option target="Release" />
		</Unit>
		<Unit filename="Node.hpp" />
		<Unit filename="SparseMatrix.cpp">
			<Option target="Release" />
		</Unit>
		<Unit filename="SparseMatrix.hpp" />
		<Unit filename="main.cpp" />
		<Extensions>
			<code_completion />
			<envvars />
			<debugger />
			<lib_finder disable_auto="1" />
		</Extensions>
	</Project>
</CodeBlocks_project_file>
